github.com/ClickHouse/clickhouse-go/v2 v2.29.0/go.mod h1:bLookq6qZJ4Ush/6tOAnJGh1Sf3Sa/nQoMn71p7ZCUE=
github.com/prometheus/client_golang v1.20.0/go.mod h1:PIEt8X02hGcP8JWbeHyeZ53Y/jReSnHgO035n//V5WE=
go.opentelemetry.io/collector/pdata v1.20.0/go.mod h1:Ox1YVLe87cZDB/TL30i4SUz1cA5s6AM6SpFMfY61ICs=
go.opentelemetry.io/proto/otlp v1.3.1/go.mod h1:0X1WI4de4ZsLrrJNLAQbFeLCm3T7yBkR0XqQ7niQU+8=
go.uber.org/zap v1.27.0/go.mod h1:GB2qFLM7cTU87MWRP2mPIjqfIDnGu+VIO4V/SdhGo2E=
google.golang.org/grpc v1.68.0/go.mod h1:fmSPC5AsjSBCK54MyHRx48kpOti1/jRfOlwEWywNjWA=
google.golang.org/protobuf v1.35.1/go.mod h1:9fA7Ob0pmnwhb644+1+CVWFRbNajQ6iRojtC/QF5bRE=
modernc.org/sqlite v1.34.0/go.mod h1:pXV2xHxhzXZsgT/RtTFAPY6JJDEvOTcTdwADQCCWD4k=
